
Microsoft Visual Studio Solution File, Format Version 12.00
# Visual Studio Version 16
VisualStudioVersion = 16.0.31911.196
MinimumVisualStudioVersion = 10.0.40219.1
Project("{8BC9CEB8-8B4A-11D0-8D11-00A0C91BC942}") = "14-2", "14-2.vcxproj", "{9F4B3DBF-CB2C-47E1-98F6-E33EABF54CDE}"
EndProject
Global
	GlobalSection(SolutionConfigurationPlatforms) = preSolution
		Debug|x64 = Debug|x64
		Debug|x86 = Debug|x86
		Release|x64 = Release|x64
		Release|x86 = Release|x86
	EndGlobalSection
	GlobalSection(ProjectConfigurationPlatforms) = postSolution
		{9F4B3DBF-CB2C-47E1-98F6-E33EABF54CDE}.Debug|x64.ActiveCfg = Debug|x64
		{9F4B3DBF-CB2C-47E1-98F6-E33EABF54CDE}.Debug|x64.Build.0 = Debug|x64
		{9F4B3DBF-CB2C-47E1-98F6-E33EABF54CDE}.Debug|x86.ActiveCfg = Debug|Win32
		{9F4B3DBF-CB2C-47E1-98F6-E33EABF54CDE}.Debug|x86.Build.0 = Debug|Win32
		{9F4B3DBF-CB2C-47E1-98F6-E33EABF54CDE}.Release|x64.ActiveCfg = Release|x64
		{9F4B3DBF-CB2C-47E1-98F6-E33EABF54CDE}.Release|x64.Build.0 = Release|x64
		{9F4B3DBF-CB2C-47E1-98F6-E33EABF54CDE}.Release|x86.ActiveCfg = Release|Win32
		{9F4B3DBF-CB2C-47E1-98F6-E33EABF54CDE}.Release|x86.Build.0 = Release|Win32
	EndGlobalSection
	GlobalSection(SolutionProperties) = preSolution
		HideSolutionNode = FALSE
	EndGlobalSection
	GlobalSection(ExtensibilityGlobals) = postSolution
		SolutionGuid = {62E2DFE5-7104-4452-A5ED-2F904118C9AE}
	EndGlobalSection
EndGlobal
