
Microsoft Visual Studio Solution File, Format Version 12.00
# Visual Studio Version 16
VisualStudioVersion = 16.0.29123.88
MinimumVisualStudioVersion = 10.0.40219.1
Project("{8BC9CEB8-8B4A-11D0-8D11-00A0C91BC942}") = "15-6", "15-6.vcxproj", "{060E427F-47A7-4756-840B-DBDE101AC264}"
EndProject
Global
	GlobalSection(SolutionConfigurationPlatforms) = preSolution
		Debug|x64 = Debug|x64
		Debug|x86 = Debug|x86
		Release|x64 = Release|x64
		Release|x86 = Release|x86
	EndGlobalSection
	GlobalSection(ProjectConfigurationPlatforms) = postSolution
		{060E427F-47A7-4756-840B-DBDE101AC264}.Debug|x64.ActiveCfg = Debug|x64
		{060E427F-47A7-4756-840B-DBDE101AC264}.Debug|x64.Build.0 = Debug|x64
		{060E427F-47A7-4756-840B-DBDE101AC264}.Debug|x86.ActiveCfg = Debug|Win32
		{060E427F-47A7-4756-840B-DBDE101AC264}.Debug|x86.Build.0 = Debug|Win32
		{060E427F-47A7-4756-840B-DBDE101AC264}.Release|x64.ActiveCfg = Release|x64
		{060E427F-47A7-4756-840B-DBDE101AC264}.Release|x64.Build.0 = Release|x64
		{060E427F-47A7-4756-840B-DBDE101AC264}.Release|x86.ActiveCfg = Release|Win32
		{060E427F-47A7-4756-840B-DBDE101AC264}.Release|x86.Build.0 = Release|Win32
	EndGlobalSection
	GlobalSection(SolutionProperties) = preSolution
		HideSolutionNode = FALSE
	EndGlobalSection
	GlobalSection(ExtensibilityGlobals) = postSolution
		SolutionGuid = {6CCD45CA-5DAB-4FE4-AB4F-9D75DE5188DD}
	EndGlobalSection
EndGlobal
