
Microsoft Visual Studio Solution File, Format Version 12.00
# Visual Studio Version 16
VisualStudioVersion = 16.0.31911.196
MinimumVisualStudioVersion = 10.0.40219.1
Project("{8BC9CEB8-8B4A-11D0-8D11-00A0C91BC942}") = "4-8", "4-8.vcxproj", "{C754DE3C-AC3C-4EF3-A152-E94F723954CA}"
EndProject
Global
	GlobalSection(SolutionConfigurationPlatforms) = preSolution
		Debug|x64 = Debug|x64
		Debug|x86 = Debug|x86
		Release|x64 = Release|x64
		Release|x86 = Release|x86
	EndGlobalSection
	GlobalSection(ProjectConfigurationPlatforms) = postSolution
		{C754DE3C-AC3C-4EF3-A152-E94F723954CA}.Debug|x64.ActiveCfg = Debug|x64
		{C754DE3C-AC3C-4EF3-A152-E94F723954CA}.Debug|x64.Build.0 = Debug|x64
		{C754DE3C-AC3C-4EF3-A152-E94F723954CA}.Debug|x86.ActiveCfg = Debug|Win32
		{C754DE3C-AC3C-4EF3-A152-E94F723954CA}.Debug|x86.Build.0 = Debug|Win32
		{C754DE3C-AC3C-4EF3-A152-E94F723954CA}.Release|x64.ActiveCfg = Release|x64
		{C754DE3C-AC3C-4EF3-A152-E94F723954CA}.Release|x64.Build.0 = Release|x64
		{C754DE3C-AC3C-4EF3-A152-E94F723954CA}.Release|x86.ActiveCfg = Release|Win32
		{C754DE3C-AC3C-4EF3-A152-E94F723954CA}.Release|x86.Build.0 = Release|Win32
	EndGlobalSection
	GlobalSection(SolutionProperties) = preSolution
		HideSolutionNode = FALSE
	EndGlobalSection
	GlobalSection(ExtensibilityGlobals) = postSolution
		SolutionGuid = {4E919DC9-FB12-497D-A327-FF4571852D8C}
	EndGlobalSection
EndGlobal
