
Microsoft Visual Studio Solution File, Format Version 12.00
# Visual Studio Version 16
VisualStudioVersion = 16.0.31911.196
MinimumVisualStudioVersion = 10.0.40219.1
Project("{8BC9CEB8-8B4A-11D0-8D11-00A0C91BC942}") = "18-5", "18-5.vcxproj", "{DB9D01D6-D8A6-4221-9B45-997BCA3475FD}"
EndProject
Global
	GlobalSection(SolutionConfigurationPlatforms) = preSolution
		Debug|x64 = Debug|x64
		Debug|x86 = Debug|x86
		Release|x64 = Release|x64
		Release|x86 = Release|x86
	EndGlobalSection
	GlobalSection(ProjectConfigurationPlatforms) = postSolution
		{DB9D01D6-D8A6-4221-9B45-997BCA3475FD}.Debug|x64.ActiveCfg = Debug|x64
		{DB9D01D6-D8A6-4221-9B45-997BCA3475FD}.Debug|x64.Build.0 = Debug|x64
		{DB9D01D6-D8A6-4221-9B45-997BCA3475FD}.Debug|x86.ActiveCfg = Debug|Win32
		{DB9D01D6-D8A6-4221-9B45-997BCA3475FD}.Debug|x86.Build.0 = Debug|Win32
		{DB9D01D6-D8A6-4221-9B45-997BCA3475FD}.Release|x64.ActiveCfg = Release|x64
		{DB9D01D6-D8A6-4221-9B45-997BCA3475FD}.Release|x64.Build.0 = Release|x64
		{DB9D01D6-D8A6-4221-9B45-997BCA3475FD}.Release|x86.ActiveCfg = Release|Win32
		{DB9D01D6-D8A6-4221-9B45-997BCA3475FD}.Release|x86.Build.0 = Release|Win32
	EndGlobalSection
	GlobalSection(SolutionProperties) = preSolution
		HideSolutionNode = FALSE
	EndGlobalSection
	GlobalSection(ExtensibilityGlobals) = postSolution
		SolutionGuid = {D709D7D0-BC03-4497-85ED-9ADB73E6AC8F}
	EndGlobalSection
EndGlobal
