
Microsoft Visual Studio Solution File, Format Version 12.00
# Visual Studio Version 16
VisualStudioVersion = 16.0.31911.196
MinimumVisualStudioVersion = 10.0.40219.1
Project("{8BC9CEB8-8B4A-11D0-8D11-00A0C91BC942}") = "14-5", "14-5.vcxproj", "{072A57B9-F253-4BC3-ABBF-0D3368B6185B}"
EndProject
Global
	GlobalSection(SolutionConfigurationPlatforms) = preSolution
		Debug|x64 = Debug|x64
		Debug|x86 = Debug|x86
		Release|x64 = Release|x64
		Release|x86 = Release|x86
	EndGlobalSection
	GlobalSection(ProjectConfigurationPlatforms) = postSolution
		{072A57B9-F253-4BC3-ABBF-0D3368B6185B}.Debug|x64.ActiveCfg = Debug|x64
		{072A57B9-F253-4BC3-ABBF-0D3368B6185B}.Debug|x64.Build.0 = Debug|x64
		{072A57B9-F253-4BC3-ABBF-0D3368B6185B}.Debug|x86.ActiveCfg = Debug|Win32
		{072A57B9-F253-4BC3-ABBF-0D3368B6185B}.Debug|x86.Build.0 = Debug|Win32
		{072A57B9-F253-4BC3-ABBF-0D3368B6185B}.Release|x64.ActiveCfg = Release|x64
		{072A57B9-F253-4BC3-ABBF-0D3368B6185B}.Release|x64.Build.0 = Release|x64
		{072A57B9-F253-4BC3-ABBF-0D3368B6185B}.Release|x86.ActiveCfg = Release|Win32
		{072A57B9-F253-4BC3-ABBF-0D3368B6185B}.Release|x86.Build.0 = Release|Win32
	EndGlobalSection
	GlobalSection(SolutionProperties) = preSolution
		HideSolutionNode = FALSE
	EndGlobalSection
	GlobalSection(ExtensibilityGlobals) = postSolution
		SolutionGuid = {7D505E5B-7172-4EF4-87AA-DBE6141FBE6B}
	EndGlobalSection
EndGlobal
